
Microsoft Visual Studio Solution File, Format Version 12.00
# Visual Studio Version 17
VisualStudioVersion = 17.10.35013.160
MinimumVisualStudioVersion = 10.0.40219.1
Project("{FAE04EC0-301F-11D3-BF4B-00C04F79EFBC}") = "btvn1", "btvn1\btvn1.csproj", "{97E6C281-2C24-4D47-90DA-C35B07C66531}"
EndProject
Global
	GlobalSection(SolutionConfigurationPlatforms) = preSolution
		Debug|Any CPU = Debug|Any CPU
		Release|Any CPU = Release|Any CPU
	EndGlobalSection
	GlobalSection(ProjectConfigurationPlatforms) = postSolution
		{97E6C281-2C24-4D47-90DA-C35B07C66531}.Debug|Any CPU.ActiveCfg = Debug|Any CPU
		{97E6C281-2C24-4D47-90DA-C35B07C66531}.Debug|Any CPU.Build.0 = Debug|Any CPU
		{97E6C281-2C24-4D47-90DA-C35B07C66531}.Release|Any CPU.ActiveCfg = Release|Any CPU
		{97E6C281-2C24-4D47-90DA-C35B07C66531}.Release|Any CPU.Build.0 = Release|Any CPU
	EndGlobalSection
	GlobalSection(SolutionProperties) = preSolution
		HideSolutionNode = FALSE
	EndGlobalSection
	GlobalSection(ExtensibilityGlobals) = postSolution
		SolutionGuid = {664BEF4F-6713-4CAF-A0E1-A7347CDDB0DB}
	EndGlobalSection
EndGlobal
